{
  "version": 4,
  "terraform_version": "0.12.26",
  "serial": 9,
  "lineage": "edd19252-52d9-8953-9fa8-ef73bfb95991",
  "outputs": {
    "kubernetes_cluster_name": {
      "value": "inspired-bebop-278005-gke",
      "type": "string"
    }
  },
  "resources": [
    {
      "mode": "managed",
      "type": "google_container_cluster",
      "name": "primary",
      "provider": "provider.google",
      "instances": [
        {
          "schema_version": 1,
          "attributes": {
            "additional_zones": [],
            "addons_config": [
              {
                "cloudrun_config": [],
                "horizontal_pod_autoscaling": [],
                "http_load_balancing": [],
                "kubernetes_dashboard": [],
                "network_policy_config": [
                  {
                    "disabled": true
                  }
                ]
              }
            ],
            "authenticator_groups_config": [],
            "cluster_autoscaling": [
              {
                "auto_provisioning_defaults": [],
                "enabled": false,
                "resource_limits": []
              }
            ],
            "cluster_ipv4_cidr": "10.28.0.0/14",
            "database_encryption": [
              {
                "key_name": "",
                "state": "DECRYPTED"
              }
            ],
            "default_max_pods_per_node": null,
            "description": "",
            "enable_binary_authorization": false,
            "enable_intranode_visibility": null,
            "enable_kubernetes_alpha": false,
            "enable_legacy_abac": false,
            "enable_shielded_nodes": false,
            "enable_tpu": null,
            "endpoint": "35.225.85.10",
            "id": "projects/inspired-bebop-278005/locations/us-central1-a/clusters/inspired-bebop-278005-gke",
            "initial_node_count": 1,
            "instance_group_urls": [],
            "ip_allocation_policy": [],
            "label_fingerprint": "a9dc16a7",
            "location": "us-central1-a",
            "logging_service": "logging.googleapis.com/kubernetes",
            "maintenance_policy": [],
            "master_auth": [
              {
                "client_certificate": "",
                "client_certificate_config": [
                  {
                    "issue_client_certificate": false
                  }
                ],
                "client_key": "",
                "cluster_ca_certificate": "LS0tLS1CRUdJTiBDRVJUSUZJQ0FURS0tLS0tCk1JSURDekNDQWZPZ0F3SUJBZ0lRTnArbENUNGhUS25EYjdiNW1YTzdCekFOQmdrcWhraUc5dzBCQVFzRkFEQXYKTVMwd0t3WURWUVFERXlSak9UZGpNVGd5WWkweE1EZzFMVFJoTlRZdE9EWmpPQzAwTURZeVl6TXpZamMwWWpBdwpIaGNOTWpBd056QTNNakExTmpReVdoY05NalV3TnpBMk1qRTFOalF5V2pBdk1TMHdLd1lEVlFRREV5UmpPVGRqCk1UZ3lZaTB4TURnMUxUUmhOVFl0T0Raak9DMDBNRFl5WXpNellqYzBZakF3Z2dFaU1BMEdDU3FHU0liM0RRRUIKQVFVQUE0SUJEd0F3Z2dFS0FvSUJBUUNyOFU0MGV5SVRhZkJCc0FwS1locVk0WU9GTU9nc3V4aWRZdE9YbkJPWQpld1d6TjJyQVdGcjFoTjJKWnZqVFhqcEcrUTZ4ZE5QajhZTHJvaUxzQkpnWS9Xb1BINjdxQ2hnVlVFelhoNHBaCndxVHgvT21mZnhvRy94b2lZaHlhK2kzNEJqWUx5UENTdmhkTVRMZUt3QVJ6K0dxdXBBenV2ZkcxNEQyVlNFMGQKczNZZExIZnplVDVjeEMvL2NaRG4wZkZHQWNLRDRpb3UwVDRpNlZSemt2UE9ORG5iSzhUWTBKRTNabklGbzREQwp1Vm5qeXZpc1VkMlRXbWd5a0tiT0Njbko3Vk80VllyeFF2anhnTUJMRVo0NkxlTjBQRzhkY0g0QVVJTG5mQ1U3CjVRVlVmbGh5YnN6c05mWlJITUhmTnE3WHJwUy9ldFhFVEZ6REdnWjdDeUhuQWdNQkFBR2pJekFoTUE0R0ExVWQKRHdFQi93UUVBd0lDQkRBUEJnTlZIUk1CQWY4RUJUQURBUUgvTUEwR0NTcUdTSWIzRFFFQkN3VUFBNElCQVFDcAp4enFWOTl0RWFOMGJQcGI0bjFjNXJUeTVMblFCWk00TjV5ajZJVi92Z3VLMk9DbFdPY0p1MVEyTUN3L0xDdFhYCndwZ0dtYk5SRm9ZaHVlU1ZFdjR6VkFJenl2RUJtK3ZBN1U2WGxGa0loWXlrQURPRFQrVzVWK3IyNk8yYUIvSkMKV2taN2d3cExYc0hQZzhjYkN3U21RTTc5TmZaOXZQeUt6SlBWS3lFTi9GZnExMEl2OVVGVVNLOTBwaExFMnh0SQpLYzhuNU1YdnozS0tzcElWdjFsZEFKSU9QOXVSZGVFTytZQk5TQ2xvVHl0OU5XMC9aYXdYckEzSnRNV2hiVFJDClhDbmp3dDZSWWREZzZhNU45cUNtV2pGUkdwZnFFN29ram9HaFM5NnlraTdPK0V0clI2U2diRFM3UjN4SzExdXMKNmsvWnF3Nnd2MkFmSVorbzA1REoKLS0tLS1FTkQgQ0VSVElGSUNBVEUtLS0tLQo=",
                "password": "",
                "username": ""
              }
            ],
            "master_authorized_networks_config": [],
            "master_version": "1.14.10-gke.36",
            "min_master_version": null,
            "monitoring_service": "monitoring.googleapis.com/kubernetes",
            "name": "inspired-bebop-278005-gke",
            "network": "projects/inspired-bebop-278005/global/networks/inspired-bebop-278005-vpc",
            "network_policy": [
              {
                "enabled": false,
                "provider": "PROVIDER_UNSPECIFIED"
              }
            ],
            "node_config": [],
            "node_locations": [],
            "node_pool": [],
            "node_version": "1.14.10-gke.36",
            "operation": null,
            "pod_security_policy_config": null,
            "private_cluster_config": [],
            "project": "inspired-bebop-278005",
            "region": null,
            "remove_default_node_pool": true,
            "resource_labels": null,
            "resource_usage_export_config": [],
            "services_ipv4_cidr": "10.31.240.0/20",
            "subnetwork": "projects/inspired-bebop-278005/regions/us-central1/subnetworks/inspired-bebop-278005-subnet",
            "timeouts": null,
            "vertical_pod_autoscaling": [],
            "workload_identity_config": [],
            "zone": null
          },
          "private": "eyJlMmJmYjczMC1lY2FhLTExZTYtOGY4OC0zNDM2M2JjN2M0YzAiOnsiY3JlYXRlIjoyNDAwMDAwMDAwMDAwLCJkZWxldGUiOjI0MDAwMDAwMDAwMDAsInJlYWQiOjI0MDAwMDAwMDAwMDAsInVwZGF0ZSI6MzYwMDAwMDAwMDAwMH0sInNjaGVtYV92ZXJzaW9uIjoiMSJ9"
        }
      ]
    },
    {
      "mode": "managed",
      "type": "google_container_node_pool",
      "name": "primary_nodes",
      "provider": "provider.google",
      "instances": [
        {
          "schema_version": 1,
          "attributes": {
            "autoscaling": [
              {
                "max_node_count": 3,
                "min_node_count": 1
              }
            ],
            "cluster": "inspired-bebop-278005-gke",
            "id": "projects/inspired-bebop-278005/locations/us-central1-a/clusters/inspired-bebop-278005-gke/nodePools/inspired-bebop-278005-gke-node-pool",
            "initial_node_count": 3,
            "instance_group_urls": [
              "https://www.googleapis.com/compute/v1/projects/inspired-bebop-278005/zones/us-central1-a/instanceGroupManagers/gke-inspired-bebop-2-inspired-bebop-2-d75a7ce5-grp"
            ],
            "location": "us-central1-a",
            "management": [
              {
                "auto_repair": true,
                "auto_upgrade": true
              }
            ],
            "max_pods_per_node": null,
            "name": "inspired-bebop-278005-gke-node-pool",
            "name_prefix": "",
            "node_config": [
              {
                "disk_size_gb": 100,
                "disk_type": "pd-standard",
                "guest_accelerator": [],
                "image_type": "UBUNTU_CONTAINERD",
                "labels": {
                  "env": "inspired-bebop-278005"
                },
                "local_ssd_count": 0,
                "machine_type": "n1-standard-2",
                "metadata": {
                  "disable-legacy-endpoints": "true"
                },
                "min_cpu_platform": "",
                "oauth_scopes": [
                  "https://www.googleapis.com/auth/logging.write",
                  "https://www.googleapis.com/auth/monitoring"
                ],
                "preemptible": false,
                "sandbox_config": [],
                "service_account": "default",
                "shielded_instance_config": [
                  {
                    "enable_integrity_monitoring": true,
                    "enable_secure_boot": false
                  }
                ],
                "tags": [
                  "gke-node",
                  "inspired-bebop-278005-gke"
                ],
                "taint": [],
                "workload_metadata_config": []
              }
            ],
            "node_count": 3,
            "node_locations": [
              "us-central1-a"
            ],
            "project": "inspired-bebop-278005",
            "region": null,
            "timeouts": null,
            "upgrade_settings": [
              {
                "max_surge": 1,
                "max_unavailable": 0
              }
            ],
            "version": "1.14.10-gke.36",
            "zone": null
          },
          "private": "eyJlMmJmYjczMC1lY2FhLTExZTYtOGY4OC0zNDM2M2JjN2M0YzAiOnsiY3JlYXRlIjoxODAwMDAwMDAwMDAwLCJkZWxldGUiOjE4MDAwMDAwMDAwMDAsInVwZGF0ZSI6MTgwMDAwMDAwMDAwMH0sInNjaGVtYV92ZXJzaW9uIjoiMSJ9",
          "dependencies": [
            "google_container_cluster.primary"
          ]
        }
      ]
    }
  ]
}
