{
  "version": 4,
  "terraform_version": "0.12.26",
  "serial": 15,
  "lineage": "edd19252-52d9-8953-9fa8-ef73bfb95991",
  "outputs": {
    "kubernetes_cluster_name": {
      "value": "inspired-bebop-278005-gke",
      "type": "string"
    }
  },
  "resources": [
    {
      "mode": "data",
      "type": "google_client_config",
      "name": "default",
      "provider": "provider.google",
      "instances": [
        {
          "schema_version": 0,
          "attributes": {
            "access_token": "ya29.a0AfH6SMBQAshohDshuO40utpmstwVsvUosKMXZSSsNbVVrTDMtFd3QuwNacc0YlCOxFxtdevQhcGT46OWsYBX686ioY57djjCoeFwMH8rFxT7NsFCl4kaEBJeQcq8X8zEfQF9ifatPR07a3Tq3rAOXQSSjI82FrryaWI_",
            "id": "2020-07-07 22:55:58.00927718 +0000 UTC",
            "project": "inspired-bebop-278005",
            "region": "us-central1",
            "zone": "us-central1-a"
          }
        }
      ]
    },
    {
      "mode": "data",
      "type": "google_container_cluster",
      "name": "my_cluster",
      "provider": "provider.google",
      "instances": [
        {
          "schema_version": 0,
          "attributes": {
            "additional_zones": null,
            "addons_config": null,
            "authenticator_groups_config": null,
            "cluster_autoscaling": null,
            "cluster_ipv4_cidr": null,
            "database_encryption": null,
            "default_max_pods_per_node": null,
            "description": null,
            "enable_binary_authorization": null,
            "enable_intranode_visibility": null,
            "enable_kubernetes_alpha": null,
            "enable_legacy_abac": null,
            "enable_shielded_nodes": null,
            "enable_tpu": null,
            "endpoint": null,
            "id": null,
            "initial_node_count": null,
            "instance_group_urls": null,
            "ip_allocation_policy": null,
            "label_fingerprint": null,
            "location": null,
            "logging_service": null,
            "maintenance_policy": null,
            "master_auth": null,
            "master_authorized_networks_config": null,
            "master_version": null,
            "min_master_version": null,
            "monitoring_service": null,
            "name": null,
            "network": null,
            "network_policy": null,
            "node_config": null,
            "node_locations": null,
            "node_pool": null,
            "node_version": null,
            "operation": null,
            "pod_security_policy_config": null,
            "private_cluster_config": null,
            "project": null,
            "region": null,
            "remove_default_node_pool": null,
            "resource_labels": null,
            "resource_usage_export_config": null,
            "services_ipv4_cidr": null,
            "subnetwork": null,
            "vertical_pod_autoscaling": null,
            "workload_identity_config": null,
            "zone": null
          }
        }
      ]
    },
    {
      "mode": "managed",
      "type": "google_container_cluster",
      "name": "primary",
      "provider": "provider.google",
      "instances": [
        {
          "schema_version": 1,
          "attributes": {
            "additional_zones": [],
            "addons_config": [
              {
                "cloudrun_config": [],
                "horizontal_pod_autoscaling": [],
                "http_load_balancing": [],
                "kubernetes_dashboard": [],
                "network_policy_config": [
                  {
                    "disabled": true
                  }
                ]
              }
            ],
            "authenticator_groups_config": [],
            "cluster_autoscaling": [
              {
                "auto_provisioning_defaults": [],
                "enabled": false,
                "resource_limits": []
              }
            ],
            "cluster_ipv4_cidr": "10.28.0.0/14",
            "database_encryption": [
              {
                "key_name": "",
                "state": "DECRYPTED"
              }
            ],
            "default_max_pods_per_node": null,
            "description": "",
            "enable_binary_authorization": false,
            "enable_intranode_visibility": null,
            "enable_kubernetes_alpha": false,
            "enable_legacy_abac": false,
            "enable_shielded_nodes": false,
            "enable_tpu": null,
            "endpoint": "34.72.88.114",
            "id": "projects/inspired-bebop-278005/locations/us-central1-a/clusters/inspired-bebop-278005-gke",
            "initial_node_count": 1,
            "instance_group_urls": [],
            "ip_allocation_policy": [],
            "label_fingerprint": "a9dc16a7",
            "location": "us-central1-a",
            "logging_service": "logging.googleapis.com/kubernetes",
            "maintenance_policy": [],
            "master_auth": [
              {
                "client_certificate": "",
                "client_certificate_config": [
                  {
                    "issue_client_certificate": false
                  }
                ],
                "client_key": "",
                "cluster_ca_certificate": "LS0tLS1CRUdJTiBDRVJUSUZJQ0FURS0tLS0tCk1JSURDekNDQWZPZ0F3SUJBZ0lRSVVuV3ZCM1ZYM2Q0SGd1ZVQ0T2dmakFOQmdrcWhraUc5dzBCQVFzRkFEQXYKTVMwd0t3WURWUVFERXlRNE1XVmhZMlkwTXkxaU0yWTVMVFEwTUdVdE9XTTJNUzAwWVRSbE1qTTVNakEyTjJZdwpIaGNOTWpBd056QTNNakUxTmpBMFdoY05NalV3TnpBMk1qSTFOakEwV2pBdk1TMHdLd1lEVlFRREV5UTRNV1ZoClkyWTBNeTFpTTJZNUxUUTBNR1V0T1dNMk1TMDBZVFJsTWpNNU1qQTJOMll3Z2dFaU1BMEdDU3FHU0liM0RRRUIKQVFVQUE0SUJEd0F3Z2dFS0FvSUJBUURQNENYekJXemtVUlVCbHlTQ3VyRVFab2F4dGU0Sm5iOXg3TW80dFhKYQo1NGlBbjhFcHdyQ1RvbjdoOVVZS2RrWFAyMXJtamF2VllRQ1N3TDV1WEFJaW4yUjFSNThtMmhTTzI2dkxHdnpBCm1QUGJONTRQUCtnaUF4MzRvS3V0c0EveGNIbVJKejZ3N0pZd0NsK2dOL3pFeVhjRlI0M1FsWUJwc2JVeko0NWkKRGUvL1V5S2VBMmpWaWJQeWh6RFliS0pXRzNXSVBDZmpYMnFPRW5XbEUxL2M0SjNpbVpGQW5jdGxqZWJDRDNhWgo1QlBMWTlhY2xoclRGMFh2eEhpQmVtQ2VHbS93NlFEZXZXVFFBRVB4Tm5MczhiM0dUWmtwMXF5QTA1YnVuNTdkCjlnZGUxRDdKcDd6NU4reittcDJ3VjRmbEtWaC9TenFic0pTMU1zVzM4bFk1QWdNQkFBR2pJekFoTUE0R0ExVWQKRHdFQi93UUVBd0lDQkRBUEJnTlZIUk1CQWY4RUJUQURBUUgvTUEwR0NTcUdTSWIzRFFFQkN3VUFBNElCQVFBdQp1NVd1Y1ErLzhGZDBVaEZ5WWg2UjJxMFErME8rWExqZHlXbDBnNFBud3o4cUllRmNpcmxlRGJzUmlhK1VlU1NYCjBlZkNSL3N2Z3NnNi9lcXhrdUw3dXNvMmNuZG9oczhES0o2Y2twekFKcVhYLzVpU1dqck8zbnBoaVQybWZLRVcKbzMxNFB2UGhmcFlNRlB1Yzg5cE5VaG1KNWx3eVhPVVNvWHNkVGxCOTN6U2l6dm4yZHY1OUxlb0M3dDhSQzhJbgpHblpnZGR6U1NHTEpxazFXS1lWb3BNejAwblBZSXRncHFST2l1R1daOXpkbkszUjZsY3B5TTNUdVpXbzk5ajF2CmxEYUhwTlhnUnpQOVlMVnlWSVVaakZORFFRTTZweGVkM1prckRmVGFpck1IODZnaFJLNzFacjgxS1p0MTdMc0IKUUlDWGM5RUkwSWxoT0JlNTAzcTMKLS0tLS1FTkQgQ0VSVElGSUNBVEUtLS0tLQo=",
                "password": "",
                "username": ""
              }
            ],
            "master_authorized_networks_config": [],
            "master_version": "1.14.10-gke.36",
            "min_master_version": null,
            "monitoring_service": "monitoring.googleapis.com/kubernetes",
            "name": "inspired-bebop-278005-gke",
            "network": "projects/inspired-bebop-278005/global/networks/inspired-bebop-278005-vpc",
            "network_policy": [
              {
                "enabled": false,
                "provider": "PROVIDER_UNSPECIFIED"
              }
            ],
            "node_config": [],
            "node_locations": [],
            "node_pool": [],
            "node_version": "1.14.10-gke.36",
            "operation": null,
            "pod_security_policy_config": null,
            "private_cluster_config": [],
            "project": "inspired-bebop-278005",
            "region": null,
            "remove_default_node_pool": true,
            "resource_labels": null,
            "resource_usage_export_config": [],
            "services_ipv4_cidr": "10.31.240.0/20",
            "subnetwork": "projects/inspired-bebop-278005/regions/us-central1/subnetworks/inspired-bebop-278005-subnet",
            "timeouts": null,
            "vertical_pod_autoscaling": [],
            "workload_identity_config": [],
            "zone": null
          },
          "private": "eyJlMmJmYjczMC1lY2FhLTExZTYtOGY4OC0zNDM2M2JjN2M0YzAiOnsiY3JlYXRlIjoyNDAwMDAwMDAwMDAwLCJkZWxldGUiOjI0MDAwMDAwMDAwMDAsInJlYWQiOjI0MDAwMDAwMDAwMDAsInVwZGF0ZSI6MzYwMDAwMDAwMDAwMH0sInNjaGVtYV92ZXJzaW9uIjoiMSJ9"
        }
      ]
    },
    {
      "mode": "managed",
      "type": "google_container_node_pool",
      "name": "primary_nodes",
      "provider": "provider.google",
      "instances": [
        {
          "schema_version": 1,
          "attributes": {
            "autoscaling": [
              {
                "max_node_count": 3,
                "min_node_count": 1
              }
            ],
            "cluster": "inspired-bebop-278005-gke",
            "id": "projects/inspired-bebop-278005/locations/us-central1-a/clusters/inspired-bebop-278005-gke/nodePools/inspired-bebop-278005-gke-node-pool",
            "initial_node_count": 3,
            "instance_group_urls": [
              "https://www.googleapis.com/compute/v1/projects/inspired-bebop-278005/zones/us-central1-a/instanceGroupManagers/gke-inspired-bebop-2-inspired-bebop-2-861accf1-grp"
            ],
            "location": "us-central1-a",
            "management": [
              {
                "auto_repair": true,
                "auto_upgrade": true
              }
            ],
            "max_pods_per_node": null,
            "name": "inspired-bebop-278005-gke-node-pool",
            "name_prefix": "",
            "node_config": [
              {
                "disk_size_gb": 100,
                "disk_type": "pd-standard",
                "guest_accelerator": [],
                "image_type": "UBUNTU_CONTAINERD",
                "labels": {
                  "env": "inspired-bebop-278005"
                },
                "local_ssd_count": 0,
                "machine_type": "n1-standard-2",
                "metadata": {
                  "disable-legacy-endpoints": "true"
                },
                "min_cpu_platform": "",
                "oauth_scopes": [
                  "https://www.googleapis.com/auth/logging.write",
                  "https://www.googleapis.com/auth/monitoring"
                ],
                "preemptible": false,
                "sandbox_config": [],
                "service_account": "default",
                "shielded_instance_config": [
                  {
                    "enable_integrity_monitoring": true,
                    "enable_secure_boot": false
                  }
                ],
                "tags": [
                  "gke-node",
                  "inspired-bebop-278005-gke"
                ],
                "taint": [],
                "workload_metadata_config": []
              }
            ],
            "node_count": 3,
            "node_locations": [
              "us-central1-a"
            ],
            "project": "inspired-bebop-278005",
            "region": null,
            "timeouts": null,
            "upgrade_settings": [
              {
                "max_surge": 1,
                "max_unavailable": 0
              }
            ],
            "version": "1.14.10-gke.36",
            "zone": null
          },
          "private": "eyJlMmJmYjczMC1lY2FhLTExZTYtOGY4OC0zNDM2M2JjN2M0YzAiOnsiY3JlYXRlIjoxODAwMDAwMDAwMDAwLCJkZWxldGUiOjE4MDAwMDAwMDAwMDAsInVwZGF0ZSI6MTgwMDAwMDAwMDAwMH0sInNjaGVtYV92ZXJzaW9uIjoiMSJ9",
          "dependencies": [
            "google_container_cluster.primary"
          ]
        }
      ]
    }
  ]
}
