{
  "version": 4,
  "terraform_version": "0.12.26",
  "serial": 23,
  "lineage": "edd19252-52d9-8953-9fa8-ef73bfb95991",
  "outputs": {
    "kubernetes_cluster_name": {
      "value": "inspired-bebop-278005-gke",
      "type": "string"
    }
  },
  "resources": [
    {
      "mode": "managed",
      "type": "google_container_cluster",
      "name": "primary",
      "provider": "provider.google",
      "instances": [
        {
          "schema_version": 1,
          "attributes": {
            "additional_zones": [],
            "addons_config": [
              {
                "cloudrun_config": [],
                "horizontal_pod_autoscaling": [],
                "http_load_balancing": [],
                "kubernetes_dashboard": [],
                "network_policy_config": [
                  {
                    "disabled": true
                  }
                ]
              }
            ],
            "authenticator_groups_config": [],
            "cluster_autoscaling": [
              {
                "auto_provisioning_defaults": [],
                "enabled": false,
                "resource_limits": []
              }
            ],
            "cluster_ipv4_cidr": "10.28.0.0/14",
            "database_encryption": [
              {
                "key_name": "",
                "state": "DECRYPTED"
              }
            ],
            "default_max_pods_per_node": null,
            "description": "",
            "enable_binary_authorization": false,
            "enable_intranode_visibility": null,
            "enable_kubernetes_alpha": false,
            "enable_legacy_abac": false,
            "enable_shielded_nodes": false,
            "enable_tpu": null,
            "endpoint": "34.68.238.9",
            "id": "projects/inspired-bebop-278005/locations/us-central1-a/clusters/inspired-bebop-278005-gke",
            "initial_node_count": 1,
            "instance_group_urls": [],
            "ip_allocation_policy": [],
            "label_fingerprint": "a9dc16a7",
            "location": "us-central1-a",
            "logging_service": "logging.googleapis.com/kubernetes",
            "maintenance_policy": [],
            "master_auth": [
              {
                "client_certificate": "",
                "client_certificate_config": [
                  {
                    "issue_client_certificate": false
                  }
                ],
                "client_key": "",
                "cluster_ca_certificate": "LS0tLS1CRUdJTiBDRVJUSUZJQ0FURS0tLS0tCk1JSURDekNDQWZPZ0F3SUJBZ0lRWGY3RzVoOW9peDY1dGNTVEZhZjVDREFOQmdrcWhraUc5dzBCQVFzRkFEQXYKTVMwd0t3WURWUVFERXlRelpqWmlNREE0T0MxbU5EazFMVFF4TWpjdE9ESTVNaTFoTmpVNU1HUXdaV00xT1RFdwpIaGNOTWpBd056QTRNRGN5TVRReVdoY05NalV3TnpBM01EZ3lNVFF5V2pBdk1TMHdLd1lEVlFRREV5UXpaalppCk1EQTRPQzFtTkRrMUxUUXhNamN0T0RJNU1pMWhOalU1TUdRd1pXTTFPVEV3Z2dFaU1BMEdDU3FHU0liM0RRRUIKQVFVQUE0SUJEd0F3Z2dFS0FvSUJBUURZREtsMTZXNW9oK3VoMlNMVkM0VTcrRW1EbSthVlZ6YnlFTU95M2JsMwptWFhSbGhMZUdkOXJ5VTZmVXAzSXVCRU9rM0JPUXAxazBZcE5uOEp6OWtnSmZZRUs2c2xLSVl1S2hrK1N5OFU0Ck1OelBEVkFJQjZGMEczellQQzhTeE5Qb29Fa0txc0xEQ212WXVTWkdVME96aXlac3o0NHVSSGM0cUxnS2lJWkgKV2xZYUE5T3JRTEpiL202N2dXT3lISTdTV01FK0FGM2J5ek40RG9UWVdlaE1mR1NCMXFOSmxncEJ1WmlwNUhuaQp5TXVTN3N0VzBFT2tSZXpteC9tOWJENVJLU2Y4S3hQbE1IQUMySXlQVEZ3RVVGeGMveklhMkhpd1dnNkZmdVBzCkw0Wlc2MDUzdDlPR0tRWlJkbzFHVXJHZUw0YzI2YzJmZ1pKVTRBbFkzcmhKQWdNQkFBR2pJekFoTUE0R0ExVWQKRHdFQi93UUVBd0lDQkRBUEJnTlZIUk1CQWY4RUJUQURBUUgvTUEwR0NTcUdTSWIzRFFFQkN3VUFBNElCQVFDYQovTlBEY2piQndTT1M4TDAxcXBYdUpGSGhiYUFadFN1OTBtcHpRU3c3K0lQSy9oVnZQQ3ZUK3kzWlp1K2xQS2EzCnhJSTROSDZsYjZYWFJ5NGdrRUM3L0c5S1ZiL3VGQWlkVkczRXFIZlpRQXE3eDRkaTFuYk03VHkvOVVUakt2UisKWHRHcjBGeG5uZ2pmVXVXL0g5QmRFRzhGZlJBTFBSWGNScEpNN1NVcUxXRTd5S0lCZjdDNVVzVGZhdmZWSmEzaQpLeFFtS3pKeExsWGd0TTdMWU5CZmN1bVowcWFwYVZOZlRvM1hQK3RCYmQ2eCsrR3g4NElIY0gxbGZCUmpSMmNsCmExN3RiaURzOUpNQlBtbjV6VGFGdmlLdVJBaTB0MHpFQVdYanRjMzN0MVVNeWpidnE2V1o1bkNqTW9idkE4SUcKckRJQXZSc21xTzY4RHhwMzhydW8KLS0tLS1FTkQgQ0VSVElGSUNBVEUtLS0tLQo=",
                "password": "",
                "username": ""
              }
            ],
            "master_authorized_networks_config": [],
            "master_version": "1.14.10-gke.36",
            "min_master_version": null,
            "monitoring_service": "monitoring.googleapis.com/kubernetes",
            "name": "inspired-bebop-278005-gke",
            "network": "projects/inspired-bebop-278005/global/networks/inspired-bebop-278005-vpc",
            "network_policy": [
              {
                "enabled": false,
                "provider": "PROVIDER_UNSPECIFIED"
              }
            ],
            "node_config": [],
            "node_locations": [],
            "node_pool": [],
            "node_version": "1.14.10-gke.36",
            "operation": null,
            "pod_security_policy_config": null,
            "private_cluster_config": [],
            "project": "inspired-bebop-278005",
            "region": null,
            "remove_default_node_pool": true,
            "resource_labels": null,
            "resource_usage_export_config": [],
            "services_ipv4_cidr": "10.31.240.0/20",
            "subnetwork": "projects/inspired-bebop-278005/regions/us-central1/subnetworks/inspired-bebop-278005-subnet",
            "timeouts": null,
            "vertical_pod_autoscaling": [],
            "workload_identity_config": [],
            "zone": null
          },
          "private": "eyJlMmJmYjczMC1lY2FhLTExZTYtOGY4OC0zNDM2M2JjN2M0YzAiOnsiY3JlYXRlIjoyNDAwMDAwMDAwMDAwLCJkZWxldGUiOjI0MDAwMDAwMDAwMDAsInJlYWQiOjI0MDAwMDAwMDAwMDAsInVwZGF0ZSI6MzYwMDAwMDAwMDAwMH0sInNjaGVtYV92ZXJzaW9uIjoiMSJ9"
        }
      ]
    },
    {
      "mode": "managed",
      "type": "google_container_node_pool",
      "name": "primary_nodes",
      "provider": "provider.google",
      "instances": [
        {
          "schema_version": 1,
          "attributes": {
            "autoscaling": [
              {
                "max_node_count": 3,
                "min_node_count": 1
              }
            ],
            "cluster": "inspired-bebop-278005-gke",
            "id": "projects/inspired-bebop-278005/locations/us-central1-a/clusters/inspired-bebop-278005-gke/nodePools/inspired-bebop-278005-gke-node-pool",
            "initial_node_count": 3,
            "instance_group_urls": [
              "https://www.googleapis.com/compute/v1/projects/inspired-bebop-278005/zones/us-central1-a/instanceGroupManagers/gke-inspired-bebop-2-inspired-bebop-2-2ea0c53a-grp"
            ],
            "location": "us-central1-a",
            "management": [
              {
                "auto_repair": true,
                "auto_upgrade": true
              }
            ],
            "max_pods_per_node": null,
            "name": "inspired-bebop-278005-gke-node-pool",
            "name_prefix": "",
            "node_config": [
              {
                "disk_size_gb": 100,
                "disk_type": "pd-standard",
                "guest_accelerator": [],
                "image_type": "UBUNTU_CONTAINERD",
                "labels": {
                  "env": "inspired-bebop-278005"
                },
                "local_ssd_count": 0,
                "machine_type": "n1-standard-2",
                "metadata": {
                  "disable-legacy-endpoints": "true"
                },
                "min_cpu_platform": "",
                "oauth_scopes": [
                  "https://www.googleapis.com/auth/cloud-platform",
                  "https://www.googleapis.com/auth/logging.write",
                  "https://www.googleapis.com/auth/monitoring"
                ],
                "preemptible": false,
                "sandbox_config": [],
                "service_account": "default",
                "shielded_instance_config": [
                  {
                    "enable_integrity_monitoring": true,
                    "enable_secure_boot": false
                  }
                ],
                "tags": [
                  "gke-node",
                  "inspired-bebop-278005-gke"
                ],
                "taint": [],
                "workload_metadata_config": []
              }
            ],
            "node_count": 3,
            "node_locations": [
              "us-central1-a"
            ],
            "project": "inspired-bebop-278005",
            "region": null,
            "timeouts": null,
            "upgrade_settings": [
              {
                "max_surge": 1,
                "max_unavailable": 0
              }
            ],
            "version": "1.14.10-gke.36",
            "zone": null
          },
          "private": "eyJlMmJmYjczMC1lY2FhLTExZTYtOGY4OC0zNDM2M2JjN2M0YzAiOnsiY3JlYXRlIjoxODAwMDAwMDAwMDAwLCJkZWxldGUiOjE4MDAwMDAwMDAwMDAsInVwZGF0ZSI6MTgwMDAwMDAwMDAwMH0sInNjaGVtYV92ZXJzaW9uIjoiMSJ9",
          "dependencies": [
            "google_container_cluster.primary"
          ]
        }
      ]
    }
  ]
}
